
Microsoft Visual Studio Solution File, Format Version 12.00
# Blend for Visual Studio Version 17
VisualStudioVersion = 17.14.36408.4
MinimumVisualStudioVersion = 10.0.40219.1
Project("{FAE04EC0-301F-11D3-BF4B-00C04F79EFBC}") = "SlovníFotbal", "SlovníFotbal\SlovníFotbal.csproj", "{EA6FBFFD-E9D8-4793-AFD5-260F0AF3AF48}"
EndProject
Global
	GlobalSection(SolutionConfigurationPlatforms) = preSolution
		Debug|Any CPU = Debug|Any CPU
		Release|Any CPU = Release|Any CPU
	EndGlobalSection
	GlobalSection(ProjectConfigurationPlatforms) = postSolution
		{EA6FBFFD-E9D8-4793-AFD5-260F0AF3AF48}.Debug|Any CPU.ActiveCfg = Debug|Any CPU
		{EA6FBFFD-E9D8-4793-AFD5-260F0AF3AF48}.Debug|Any CPU.Build.0 = Debug|Any CPU
		{EA6FBFFD-E9D8-4793-AFD5-260F0AF3AF48}.Release|Any CPU.ActiveCfg = Release|Any CPU
		{EA6FBFFD-E9D8-4793-AFD5-260F0AF3AF48}.Release|Any CPU.Build.0 = Release|Any CPU
	EndGlobalSection
	GlobalSection(SolutionProperties) = preSolution
		HideSolutionNode = FALSE
	EndGlobalSection
	GlobalSection(ExtensibilityGlobals) = postSolution
		SolutionGuid = {7B9DB668-6535-4AC9-B426-3B7B2BCE3671}
	EndGlobalSection
EndGlobal
